
Microsoft Visual Studio Solution File, Format Version 12.00
# Visual Studio Version 17
VisualStudioVersion = 17.14.36408.4 d17.14
MinimumVisualStudioVersion = 10.0.40219.1
Project("{FAE04EC0-301F-11D3-BF4B-00C04F79EFBC}") = "Demo", "Demo\Demo.csproj", "{FEE88574-9330-4C49-B001-FBAC0BD1BA84}"
EndProject
Global
	GlobalSection(SolutionConfigurationPlatforms) = preSolution
		Debug|Any CPU = Debug|Any CPU
		Release|Any CPU = Release|Any CPU
	EndGlobalSection
	GlobalSection(ProjectConfigurationPlatforms) = postSolution
		{FEE88574-9330-4C49-B001-FBAC0BD1BA84}.Debug|Any CPU.ActiveCfg = Debug|Any CPU
		{FEE88574-9330-4C49-B001-FBAC0BD1BA84}.Debug|Any CPU.Build.0 = Debug|Any CPU
		{FEE88574-9330-4C49-B001-FBAC0BD1BA84}.Release|Any CPU.ActiveCfg = Release|Any CPU
		{FEE88574-9330-4C49-B001-FBAC0BD1BA84}.Release|Any CPU.Build.0 = Release|Any CPU
	EndGlobalSection
	GlobalSection(SolutionProperties) = preSolution
		HideSolutionNode = FALSE
	EndGlobalSection
	GlobalSection(ExtensibilityGlobals) = postSolution
		SolutionGuid = {668A8902-F996-4ABC-A992-58D919496311}
	EndGlobalSection
EndGlobal
